
Microsoft Visual Studio Solution File, Format Version 12.00
# Visual Studio Version 17
VisualStudioVersion = 17.3.32825.248
MinimumVisualStudioVersion = 10.0.40219.1
Project("{F184B08F-C81C-45F6-A57F-5ABD9991F28F}") = "Bodytech", "AK-VAPE SHOP\Bodytech.vbproj", "{C3A6AD78-E418-4958-AE66-F443DC5AB6E2}"
EndProject
Global
	GlobalSection(SolutionConfigurationPlatforms) = preSolution
		Debug|Any CPU = Debug|Any CPU
		Release|Any CPU = Release|Any CPU
	EndGlobalSection
	GlobalSection(ProjectConfigurationPlatforms) = postSolution
		{C3A6AD78-E418-4958-AE66-F443DC5AB6E2}.Debug|Any CPU.ActiveCfg = Debug|Any CPU
		{C3A6AD78-E418-4958-AE66-F443DC5AB6E2}.Debug|Any CPU.Build.0 = Debug|Any CPU
		{C3A6AD78-E418-4958-AE66-F443DC5AB6E2}.Release|Any CPU.ActiveCfg = Release|Any CPU
		{C3A6AD78-E418-4958-AE66-F443DC5AB6E2}.Release|Any CPU.Build.0 = Release|Any CPU
	EndGlobalSection
	GlobalSection(SolutionProperties) = preSolution
		HideSolutionNode = FALSE
	EndGlobalSection
	GlobalSection(ExtensibilityGlobals) = postSolution
		SolutionGuid = {52FA8793-3F16-453F-89DE-C7B0A2481087}
	EndGlobalSection
EndGlobal
